// !$*UTF8*$!
{
	archiveVersion = 1;
	classes = {
	};
	objectVersion = 50;
	objects = {

/* Begin PBXBuildFile section */
		CD14C405225797A800148703 /* AppDelegate.swift in Sources */ = {isa = PBXBuildFile; fileRef = CD14C404225797A800148703 /* AppDelegate.swift */; };
		CD14C407225797A900148703 /* Assets.xcassets in Resources */ = {isa = PBXBuildFile; fileRef = CD14C406225797A900148703 /* Assets.xcassets */; };
		CD14C40A225797A900148703 /* MainMenu.xib in Resources */ = {isa = PBXBuildFile; fileRef = CD14C408225797A900148703 /* MainMenu.xib */; };
		CD14C41422579CB900148703 /* WebKit.framework in Frameworks */ = {isa = PBXBuildFile; fileRef = CD14C41322579CB900148703 /* WebKit.framework */; };
		CD14C41B2257A0E200148703 /* WebVC.swift in Sources */ = {isa = PBXBuildFile; fileRef = CD14C4192257A0E200148703 /* WebVC.swift */; };
		CD14C41C2257A0E200148703 /* WebVC.xib in Resources */ = {isa = PBXBuildFile; fileRef = CD14C41A2257A0E200148703 /* WebVC.xib */; };
		CD14C41E2257A2E100148703 /* EventMonitor.swift in Sources */ = {isa = PBXBuildFile; fileRef = CD14C41D2257A2E100148703 /* EventMonitor.swift */; };
		CD14C4262257ACBD00148703 /* AppDelegate.swift in Sources */ = {isa = PBXBuildFile; fileRef = CD14C4252257ACBD00148703 /* AppDelegate.swift */; };
		CD14C4282257ACBE00148703 /* Assets.xcassets in Resources */ = {isa = PBXBuildFile; fileRef = CD14C4272257ACBE00148703 /* Assets.xcassets */; };
		CD14C42B2257ACBE00148703 /* MainMenu.xib in Resources */ = {isa = PBXBuildFile; fileRef = CD14C4292257ACBE00148703 /* MainMenu.xib */; };
		CD14C4332257AD4700148703 /* Cocoa.framework in Frameworks */ = {isa = PBXBuildFile; fileRef = CD14C4322257AD4700148703 /* Cocoa.framework */; };
		CD14C4352257AD5100148703 /* ServiceManagement.framework in Frameworks */ = {isa = PBXBuildFile; fileRef = CD14C4342257AD5100148703 /* ServiceManagement.framework */; };
		CDF8999C2257B13E003378A8 /* Cocoa.framework in Frameworks */ = {isa = PBXBuildFile; fileRef = CD14C4322257AD4700148703 /* Cocoa.framework */; };
		CDF8999D2257B146003378A8 /* ServiceManagement.framework in Frameworks */ = {isa = PBXBuildFile; fileRef = CD14C4342257AD5100148703 /* ServiceManagement.framework */; };
/* End PBXBuildFile section */

/* Begin PBXCopyFilesBuildPhase section */
		CD14C4312257AD2900148703 /* CopyFiles */ = {
			isa = PBXCopyFilesBuildPhase;
			buildActionMask = 2147483647;
			dstPath = Contents/Library/LoginItems;
			dstSubfolderSpec = 1;
			files = (
			);
			runOnlyForDeploymentPostprocessing = 0;
		};
/* End PBXCopyFilesBuildPhase section */

/* Begin PBXFileReference section */
		CD14C401225797A800148703 /* Translate.app */ = {isa = PBXFileReference; explicitFileType = wrapper.application; includeInIndex = 0; path = Translate.app; sourceTree = BUILT_PRODUCTS_DIR; };
		CD14C404225797A800148703 /* AppDelegate.swift */ = {isa = PBXFileReference; lastKnownFileType = sourcecode.swift; path = AppDelegate.swift; sourceTree = "<group>"; };
		CD14C406225797A900148703 /* Assets.xcassets */ = {isa = PBXFileReference; lastKnownFileType = folder.assetcatalog; path = Assets.xcassets; sourceTree = "<group>"; };
		CD14C409225797A900148703 /* Base */ = {isa = PBXFileReference; lastKnownFileType = file.xib; name = Base; path = Base.lproj/MainMenu.xib; sourceTree = "<group>"; };
		CD14C40B225797A900148703 /* Info.plist */ = {isa = PBXFileReference; lastKnownFileType = text.plist.xml; path = Info.plist; sourceTree = "<group>"; };
		CD14C40C225797A900148703 /* Translate.entitlements */ = {isa = PBXFileReference; lastKnownFileType = text.plist.entitlements; path = Translate.entitlements; sourceTree = "<group>"; };
		CD14C41322579CB900148703 /* WebKit.framework */ = {isa = PBXFileReference; lastKnownFileType = wrapper.framework; name = WebKit.framework; path = System/Library/Frameworks/WebKit.framework; sourceTree = SDKROOT; };
		CD14C4192257A0E200148703 /* WebVC.swift */ = {isa = PBXFileReference; lastKnownFileType = sourcecode.swift; path = WebVC.swift; sourceTree = "<group>"; };
		CD14C41A2257A0E200148703 /* WebVC.xib */ = {isa = PBXFileReference; lastKnownFileType = file.xib; path = WebVC.xib; sourceTree = "<group>"; };
		CD14C41D2257A2E100148703 /* EventMonitor.swift */ = {isa = PBXFileReference; lastKnownFileType = sourcecode.swift; path = EventMonitor.swift; sourceTree = "<group>"; };
		CD14C4232257ACBD00148703 /* LaunchItem.app */ = {isa = PBXFileReference; explicitFileType = wrapper.application; includeInIndex = 0; path = LaunchItem.app; sourceTree = BUILT_PRODUCTS_DIR; };
		CD14C4252257ACBD00148703 /* AppDelegate.swift */ = {isa = PBXFileReference; lastKnownFileType = sourcecode.swift; path = AppDelegate.swift; sourceTree = "<group>"; };
		CD14C4272257ACBE00148703 /* Assets.xcassets */ = {isa = PBXFileReference; lastKnownFileType = folder.assetcatalog; path = Assets.xcassets; sourceTree = "<group>"; };
		CD14C42A2257ACBE00148703 /* Base */ = {isa = PBXFileReference; lastKnownFileType = file.xib; name = Base; path = Base.lproj/MainMenu.xib; sourceTree = "<group>"; };
		CD14C42C2257ACBE00148703 /* Info.plist */ = {isa = PBXFileReference; lastKnownFileType = text.plist.xml; path = Info.plist; sourceTree = "<group>"; };
		CD14C42D2257ACBE00148703 /* LaunchItem.entitlements */ = {isa = PBXFileReference; lastKnownFileType = text.plist.entitlements; path = LaunchItem.entitlements; sourceTree = "<group>"; };
		CD14C4322257AD4700148703 /* Cocoa.framework */ = {isa = PBXFileReference; lastKnownFileType = wrapper.framework; name = Cocoa.framework; path = System/Library/Frameworks/Cocoa.framework; sourceTree = SDKROOT; };
		CD14C4342257AD5100148703 /* ServiceManagement.framework */ = {isa = PBXFileReference; lastKnownFileType = wrapper.framework; name = ServiceManagement.framework; path = System/Library/Frameworks/ServiceManagement.framework; sourceTree = SDKROOT; };
/* End PBXFileReference section */

/* Begin PBXFrameworksBuildPhase section */
		CD14C3FE225797A800148703 /* Frameworks */ = {
			isa = PBXFrameworksBuildPhase;
			buildActionMask = 2147483647;
			files = (
				CDF8999D2257B146003378A8 /* ServiceManagement.framework in Frameworks */,
				CDF8999C2257B13E003378A8 /* Cocoa.framework in Frameworks */,
				CD14C41422579CB900148703 /* WebKit.framework in Frameworks */,
			);
			runOnlyForDeploymentPostprocessing = 0;
		};
		CD14C4202257ACBD00148703 /* Frameworks */ = {
			isa = PBXFrameworksBuildPhase;
			buildActionMask = 2147483647;
			files = (
				CD14C4352257AD5100148703 /* ServiceManagement.framework in Frameworks */,
				CD14C4332257AD4700148703 /* Cocoa.framework in Frameworks */,
			);
			runOnlyForDeploymentPostprocessing = 0;
		};
/* End PBXFrameworksBuildPhase section */

/* Begin PBXGroup section */
		CD14C3F8225797A800148703 = {
			isa = PBXGroup;
			children = (
				CD14C403225797A800148703 /* Translate */,
				CD14C4242257ACBD00148703 /* LaunchItem */,
				CD14C402225797A800148703 /* Products */,
				CD14C41222579CB900148703 /* Frameworks */,
			);
			sourceTree = "<group>";
		};
		CD14C402225797A800148703 /* Products */ = {
			isa = PBXGroup;
			children = (
				CD14C401225797A800148703 /* Translate.app */,
				CD14C4232257ACBD00148703 /* LaunchItem.app */,
			);
			name = Products;
			sourceTree = "<group>";
		};
		CD14C403225797A800148703 /* Translate */ = {
			isa = PBXGroup;
			children = (
				CD14C404225797A800148703 /* AppDelegate.swift */,
				CD14C41D2257A2E100148703 /* EventMonitor.swift */,
				CD14C4192257A0E200148703 /* WebVC.swift */,
				CD14C41A2257A0E200148703 /* WebVC.xib */,
				CD14C406225797A900148703 /* Assets.xcassets */,
				CD14C408225797A900148703 /* MainMenu.xib */,
				CD14C40B225797A900148703 /* Info.plist */,
				CD14C40C225797A900148703 /* Translate.entitlements */,
			);
			path = Translate;
			sourceTree = "<group>";
		};
		CD14C41222579CB900148703 /* Frameworks */ = {
			isa = PBXGroup;
			children = (
				CD14C4342257AD5100148703 /* ServiceManagement.framework */,
				CD14C4322257AD4700148703 /* Cocoa.framework */,
				CD14C41322579CB900148703 /* WebKit.framework */,
			);
			name = Frameworks;
			sourceTree = "<group>";
		};
		CD14C4242257ACBD00148703 /* LaunchItem */ = {
			isa = PBXGroup;
			children = (
				CD14C4252257ACBD00148703 /* AppDelegate.swift */,
				CD14C4272257ACBE00148703 /* Assets.xcassets */,
				CD14C4292257ACBE00148703 /* MainMenu.xib */,
				CD14C42C2257ACBE00148703 /* Info.plist */,
				CD14C42D2257ACBE00148703 /* LaunchItem.entitlements */,
			);
			path = LaunchItem;
			sourceTree = "<group>";
		};
/* End PBXGroup section */

/* Begin PBXNativeTarget section */
		CD14C400225797A800148703 /* Translate */ = {
			isa = PBXNativeTarget;
			buildConfigurationList = CD14C40F225797A900148703 /* Build configuration list for PBXNativeTarget "Translate" */;
			buildPhases = (
				CD14C3FD225797A800148703 /* Sources */,
				CD14C3FE225797A800148703 /* Frameworks */,
				CD14C3FF225797A800148703 /* Resources */,
			);
			buildRules = (
			);
			dependencies = (
			);
			name = Translate;
			productName = Translate;
			productReference = CD14C401225797A800148703 /* Translate.app */;
			productType = "com.apple.product-type.application";
		};
		CD14C4222257ACBD00148703 /* LaunchItem */ = {
			isa = PBXNativeTarget;
			buildConfigurationList = CD14C42E2257ACBE00148703 /* Build configuration list for PBXNativeTarget "LaunchItem" */;
			buildPhases = (
				CD14C41F2257ACBD00148703 /* Sources */,
				CD14C4202257ACBD00148703 /* Frameworks */,
				CD14C4212257ACBD00148703 /* Resources */,
				CD14C4312257AD2900148703 /* CopyFiles */,
			);
			buildRules = (
			);
			dependencies = (
			);
			name = LaunchItem;
			productName = LaunchItem;
			productReference = CD14C4232257ACBD00148703 /* LaunchItem.app */;
			productType = "com.apple.product-type.application";
		};
/* End PBXNativeTarget section */

/* Begin PBXProject section */
		CD14C3F9225797A800148703 /* Project object */ = {
			isa = PBXProject;
			attributes = {
				LastSwiftUpdateCheck = 1020;
				LastUpgradeCheck = 1020;
				ORGANIZATIONNAME = "Titan Studio";
				TargetAttributes = {
					CD14C400225797A800148703 = {
						CreatedOnToolsVersion = 10.2;
						SystemCapabilities = {
							com.apple.Sandbox = {
								enabled = 1;
							};
						};
					};
					CD14C4222257ACBD00148703 = {
						CreatedOnToolsVersion = 10.2;
						SystemCapabilities = {
							com.apple.Sandbox = {
								enabled = 1;
							};
						};
					};
				};
			};
			buildConfigurationList = CD14C3FC225797A800148703 /* Build configuration list for PBXProject "Translate" */;
			compatibilityVersion = "Xcode 9.3";
			developmentRegion = en;
			hasScannedForEncodings = 0;
			knownRegions = (
				en,
				Base,
			);
			mainGroup = CD14C3F8225797A800148703;
			productRefGroup = CD14C402225797A800148703 /* Products */;
			projectDirPath = "";
			projectRoot = "";
			targets = (
				CD14C400225797A800148703 /* Translate */,
				CD14C4222257ACBD00148703 /* LaunchItem */,
			);
		};
/* End PBXProject section */

/* Begin PBXResourcesBuildPhase section */
		CD14C3FF225797A800148703 /* Resources */ = {
			isa = PBXResourcesBuildPhase;
			buildActionMask = 2147483647;
			files = (
				CD14C407225797A900148703 /* Assets.xcassets in Resources */,
				CD14C41C2257A0E200148703 /* WebVC.xib in Resources */,
				CD14C40A225797A900148703 /* MainMenu.xib in Resources */,
			);
			runOnlyForDeploymentPostprocessing = 0;
		};
		CD14C4212257ACBD00148703 /* Resources */ = {
			isa = PBXResourcesBuildPhase;
			buildActionMask = 2147483647;
			files = (
				CD14C4282257ACBE00148703 /* Assets.xcassets in Resources */,
				CD14C42B2257ACBE00148703 /* MainMenu.xib in Resources */,
			);
			runOnlyForDeploymentPostprocessing = 0;
		};
/* End PBXResourcesBuildPhase section */

/* Begin PBXSourcesBuildPhase section */
		CD14C3FD225797A800148703 /* Sources */ = {
			isa = PBXSourcesBuildPhase;
			buildActionMask = 2147483647;
			files = (
				CD14C41E2257A2E100148703 /* EventMonitor.swift in Sources */,
				CD14C41B2257A0E200148703 /* WebVC.swift in Sources */,
				CD14C405225797A800148703 /* AppDelegate.swift in Sources */,
			);
			runOnlyForDeploymentPostprocessing = 0;
		};
		CD14C41F2257ACBD00148703 /* Sources */ = {
			isa = PBXSourcesBuildPhase;
			buildActionMask = 2147483647;
			files = (
				CD14C4262257ACBD00148703 /* AppDelegate.swift in Sources */,
			);
			runOnlyForDeploymentPostprocessing = 0;
		};
/* End PBXSourcesBuildPhase section */

/* Begin PBXVariantGroup section */
		CD14C408225797A900148703 /* MainMenu.xib */ = {
			isa = PBXVariantGroup;
			children = (
				CD14C409225797A900148703 /* Base */,
			);
			name = MainMenu.xib;
			sourceTree = "<group>";
		};
		CD14C4292257ACBE00148703 /* MainMenu.xib */ = {
			isa = PBXVariantGroup;
			children = (
				CD14C42A2257ACBE00148703 /* Base */,
			);
			name = MainMenu.xib;
			sourceTree = "<group>";
		};
/* End PBXVariantGroup section */

/* Begin XCBuildConfiguration section */
		CD14C40D225797A900148703 /* Debug */ = {
			isa = XCBuildConfiguration;
			buildSettings = {
				ALWAYS_SEARCH_USER_PATHS = NO;
				CLANG_ANALYZER_NONNULL = YES;
				CLANG_ANALYZER_NUMBER_OBJECT_CONVERSION = YES_AGGRESSIVE;
				CLANG_CXX_LANGUAGE_STANDARD = "gnu++14";
				CLANG_CXX_LIBRARY = "libc++";
				CLANG_ENABLE_MODULES = YES;
				CLANG_ENABLE_OBJC_ARC = YES;
				CLANG_ENABLE_OBJC_WEAK = YES;
				CLANG_WARN_BLOCK_CAPTURE_AUTORELEASING = YES;
				CLANG_WARN_BOOL_CONVERSION = YES;
				CLANG_WARN_COMMA = YES;
				CLANG_WARN_CONSTANT_CONVERSION = YES;
				CLANG_WARN_DEPRECATED_OBJC_IMPLEMENTATIONS = YES;
				CLANG_WARN_DIRECT_OBJC_ISA_USAGE = YES_ERROR;
				CLANG_WARN_DOCUMENTATION_COMMENTS = YES;
				CLANG_WARN_EMPTY_BODY = YES;
				CLANG_WARN_ENUM_CONVERSION = YES;
				CLANG_WARN_INFINITE_RECURSION = YES;
				CLANG_WARN_INT_CONVERSION = YES;
				CLANG_WARN_NON_LITERAL_NULL_CONVERSION = YES;
				CLANG_WARN_OBJC_IMPLICIT_RETAIN_SELF = YES;
				CLANG_WARN_OBJC_LITERAL_CONVERSION = YES;
				CLANG_WARN_OBJC_ROOT_CLASS = YES_ERROR;
				CLANG_WARN_RANGE_LOOP_ANALYSIS = YES;
				CLANG_WARN_STRICT_PROTOTYPES = YES;
				CLANG_WARN_SUSPICIOUS_MOVE = YES;
				CLANG_WARN_UNGUARDED_AVAILABILITY = YES_AGGRESSIVE;
				CLANG_WARN_UNREACHABLE_CODE = YES;
				CLANG_WARN__DUPLICATE_METHOD_MATCH = YES;
				CODE_SIGN_IDENTITY = "Mac Developer";
				COPY_PHASE_STRIP = NO;
				DEBUG_INFORMATION_FORMAT = dwarf;
				ENABLE_STRICT_OBJC_MSGSEND = YES;
				ENABLE_TESTABILITY = YES;
				GCC_C_LANGUAGE_STANDARD = gnu11;
				GCC_DYNAMIC_NO_PIC = NO;
				GCC_NO_COMMON_BLOCKS = YES;
				GCC_OPTIMIZATION_LEVEL = 0;
				GCC_PREPROCESSOR_DEFINITIONS = (
					"DEBUG=1",
					"$(inherited)",
				);
				GCC_WARN_64_TO_32_BIT_CONVERSION = YES;
				GCC_WARN_ABOUT_RETURN_TYPE = YES_ERROR;
				GCC_WARN_UNDECLARED_SELECTOR = YES;
				GCC_WARN_UNINITIALIZED_AUTOS = YES_AGGRESSIVE;
				GCC_WARN_UNUSED_FUNCTION = YES;
				GCC_WARN_UNUSED_VARIABLE = YES;
				MACOSX_DEPLOYMENT_TARGET = 10.12;
				MTL_ENABLE_DEBUG_INFO = INCLUDE_SOURCE;
				MTL_FAST_MATH = YES;
				ONLY_ACTIVE_ARCH = YES;
				SDKROOT = macosx;
				SWIFT_ACTIVE_COMPILATION_CONDITIONS = DEBUG;
				SWIFT_OPTIMIZATION_LEVEL = "-Onone";
			};
			name = Debug;
		};
		CD14C40E225797A900148703 /* Release */ = {
			isa = XCBuildConfiguration;
			buildSettings = {
				ALWAYS_SEARCH_USER_PATHS = NO;
				CLANG_ANALYZER_NONNULL = YES;
				CLANG_ANALYZER_NUMBER_OBJECT_CONVERSION = YES_AGGRESSIVE;
				CLANG_CXX_LANGUAGE_STANDARD = "gnu++14";
				CLANG_CXX_LIBRARY = "libc++";
				CLANG_ENABLE_MODULES = YES;
				CLANG_ENABLE_OBJC_ARC = YES;
				CLANG_ENABLE_OBJC_WEAK = YES;
				CLANG_WARN_BLOCK_CAPTURE_AUTORELEASING = YES;
				CLANG_WARN_BOOL_CONVERSION = YES;
				CLANG_WARN_COMMA = YES;
				CLANG_WARN_CONSTANT_CONVERSION = YES;
				CLANG_WARN_DEPRECATED_OBJC_IMPLEMENTATIONS = YES;
				CLANG_WARN_DIRECT_OBJC_ISA_USAGE = YES_ERROR;
				CLANG_WARN_DOCUMENTATION_COMMENTS = YES;
				CLANG_WARN_EMPTY_BODY = YES;
				CLANG_WARN_ENUM_CONVERSION = YES;
				CLANG_WARN_INFINITE_RECURSION = YES;
				CLANG_WARN_INT_CONVERSION = YES;
				CLANG_WARN_NON_LITERAL_NULL_CONVERSION = YES;
				CLANG_WARN_OBJC_IMPLICIT_RETAIN_SELF = YES;
				CLANG_WARN_OBJC_LITERAL_CONVERSION = YES;
				CLANG_WARN_OBJC_ROOT_CLASS = YES_ERROR;
				CLANG_WARN_RANGE_LOOP_ANALYSIS = YES;
				CLANG_WARN_STRICT_PROTOTYPES = YES;
				CLANG_WARN_SUSPICIOUS_MOVE = YES;
				CLANG_WARN_UNGUARDED_AVAILABILITY = YES_AGGRESSIVE;
				CLANG_WARN_UNREACHABLE_CODE = YES;
				CLANG_WARN__DUPLICATE_METHOD_MATCH = YES;
				CODE_SIGN_IDENTITY = "Mac Developer";
				COPY_PHASE_STRIP = NO;
				DEBUG_INFORMATION_FORMAT = "dwarf-with-dsym";
				ENABLE_NS_ASSERTIONS = NO;
				ENABLE_STRICT_OBJC_MSGSEND = YES;
				GCC_C_LANGUAGE_STANDARD = gnu11;
				GCC_NO_COMMON_BLOCKS = YES;
				GCC_WARN_64_TO_32_BIT_CONVERSION = YES;
				GCC_WARN_ABOUT_RETURN_TYPE = YES_ERROR;
				GCC_WARN_UNDECLARED_SELECTOR = YES;
				GCC_WARN_UNINITIALIZED_AUTOS = YES_AGGRESSIVE;
				GCC_WARN_UNUSED_FUNCTION = YES;
				GCC_WARN_UNUSED_VARIABLE = YES;
				MACOSX_DEPLOYMENT_TARGET = 10.12;
				MTL_ENABLE_DEBUG_INFO = NO;
				MTL_FAST_MATH = YES;
				SDKROOT = macosx;
				SWIFT_COMPILATION_MODE = wholemodule;
				SWIFT_OPTIMIZATION_LEVEL = "-O";
			};
			name = Release;
		};
		CD14C410225797A900148703 /* Debug */ = {
			isa = XCBuildConfiguration;
			buildSettings = {
				ASSETCATALOG_COMPILER_APPICON_NAME = AppIcon;
				CODE_SIGN_ENTITLEMENTS = Translate/Translate.entitlements;
				CODE_SIGN_IDENTITY = "Mac Developer";
				CODE_SIGN_STYLE = Automatic;
				COMBINE_HIDPI_IMAGES = YES;
				DEVELOPMENT_TEAM = 34W5TB5KD2;
				INFOPLIST_FILE = Translate/Info.plist;
				LD_RUNPATH_SEARCH_PATHS = (
					"$(inherited)",
					"@executable_path/../Frameworks",
				);
				PRODUCT_BUNDLE_IDENTIFIER = com.xaoxuu.Translate;
				PRODUCT_NAME = "$(TARGET_NAME)";
				PROVISIONING_PROFILE_SPECIFIER = "";
				SWIFT_VERSION = 5.0;
			};
			name = Debug;
		};
		CD14C411225797A900148703 /* Release */ = {
			isa = XCBuildConfiguration;
			buildSettings = {
				ASSETCATALOG_COMPILER_APPICON_NAME = AppIcon;
				CODE_SIGN_ENTITLEMENTS = Translate/Translate.entitlements;
				CODE_SIGN_IDENTITY = "Mac Developer";
				CODE_SIGN_STYLE = Automatic;
				COMBINE_HIDPI_IMAGES = YES;
				DEVELOPMENT_TEAM = 34W5TB5KD2;
				INFOPLIST_FILE = Translate/Info.plist;
				LD_RUNPATH_SEARCH_PATHS = (
					"$(inherited)",
					"@executable_path/../Frameworks",
				);
				PRODUCT_BUNDLE_IDENTIFIER = com.xaoxuu.Translate;
				PRODUCT_NAME = "$(TARGET_NAME)";
				PROVISIONING_PROFILE_SPECIFIER = "";
				SWIFT_VERSION = 5.0;
			};
			name = Release;
		};
		CD14C42F2257ACBE00148703 /* Debug */ = {
			isa = XCBuildConfiguration;
			buildSettings = {
				ASSETCATALOG_COMPILER_APPICON_NAME = AppIcon;
				CODE_SIGN_ENTITLEMENTS = LaunchItem/LaunchItem.entitlements;
				CODE_SIGN_STYLE = Automatic;
				COMBINE_HIDPI_IMAGES = YES;
				DEVELOPMENT_TEAM = 34W5TB5KD2;
				INFOPLIST_FILE = LaunchItem/Info.plist;
				LD_RUNPATH_SEARCH_PATHS = (
					"$(inherited)",
					"@executable_path/../Frameworks",
				);
				MACOSX_DEPLOYMENT_TARGET = 10.12;
				PRODUCT_BUNDLE_IDENTIFIER = com.xaoxuu.Translate.LaunchItem;
				PRODUCT_NAME = "$(TARGET_NAME)";
				SKIP_INSTALL = YES;
				SWIFT_VERSION = 5.0;
			};
			name = Debug;
		};
		CD14C4302257ACBE00148703 /* Release */ = {
			isa = XCBuildConfiguration;
			buildSettings = {
				ASSETCATALOG_COMPILER_APPICON_NAME = AppIcon;
				CODE_SIGN_ENTITLEMENTS = LaunchItem/LaunchItem.entitlements;
				CODE_SIGN_STYLE = Automatic;
				COMBINE_HIDPI_IMAGES = YES;
				DEVELOPMENT_TEAM = 34W5TB5KD2;
				INFOPLIST_FILE = LaunchItem/Info.plist;
				LD_RUNPATH_SEARCH_PATHS = (
					"$(inherited)",
					"@executable_path/../Frameworks",
				);
				MACOSX_DEPLOYMENT_TARGET = 10.12;
				PRODUCT_BUNDLE_IDENTIFIER = com.xaoxuu.Translate.LaunchItem;
				PRODUCT_NAME = "$(TARGET_NAME)";
				SKIP_INSTALL = YES;
				SWIFT_VERSION = 5.0;
			};
			name = Release;
		};
/* End XCBuildConfiguration section */

/* Begin XCConfigurationList section */
		CD14C3FC225797A800148703 /* Build configuration list for PBXProject "Translate" */ = {
			isa = XCConfigurationList;
			buildConfigurations = (
				CD14C40D225797A900148703 /* Debug */,
				CD14C40E225797A900148703 /* Release */,
			);
			defaultConfigurationIsVisible = 0;
			defaultConfigurationName = Release;
		};
		CD14C40F225797A900148703 /* Build configuration list for PBXNativeTarget "Translate" */ = {
			isa = XCConfigurationList;
			buildConfigurations = (
				CD14C410225797A900148703 /* Debug */,
				CD14C411225797A900148703 /* Release */,
			);
			defaultConfigurationIsVisible = 0;
			defaultConfigurationName = Release;
		};
		CD14C42E2257ACBE00148703 /* Build configuration list for PBXNativeTarget "LaunchItem" */ = {
			isa = XCConfigurationList;
			buildConfigurations = (
				CD14C42F2257ACBE00148703 /* Debug */,
				CD14C4302257ACBE00148703 /* Release */,
			);
			defaultConfigurationIsVisible = 0;
			defaultConfigurationName = Release;
		};
/* End XCConfigurationList section */
	};
	rootObject = CD14C3F9225797A800148703 /* Project object */;
}
